{
    "version": 3,
    "terraform_version": "0.11.13",
    "serial": 15,
    "lineage": "4d9015a4-7228-31ee-1db0-60d41ee7b2c7",
    "modules": [
        {
            "path": [
                "root"
            ],
            "outputs": {
                "elb_dns": {
                    "sensitive": false,
                    "type": "string",
                    "value": "saurabhlb-1940309568.us-east-1.elb.amazonaws.com"
                }
            },
            "resources": {
                "aws_elb.saurabhlb": {
                    "type": "aws_elb",
                    "depends_on": [
                        "aws_instance.saurabhwebserver",
                        "aws_instance.saurabhwebserver2",
                        "aws_security_group.saurabhlg",
                        "aws_subnet.saurabhpublicsubnet.*"
                    ],
                    "primary": {
                        "id": "saurabhlb",
                        "attributes": {
                            "access_logs.#": "0",
                            "arn": "arn:aws:elasticloadbalancing:us-east-1:790367767693:loadbalancer/saurabhlb",
                            "availability_zones.#": "2",
                            "availability_zones.1305112097": "us-east-1b",
                            "availability_zones.3569565595": "us-east-1a",
                            "connection_draining": "false",
                            "connection_draining_timeout": "300",
                            "cross_zone_load_balancing": "true",
                            "dns_name": "saurabhlb-1940309568.us-east-1.elb.amazonaws.com",
                            "health_check.#": "1",
                            "health_check.0.healthy_threshold": "2",
                            "health_check.0.interval": "30",
                            "health_check.0.target": "HTTP:80/",
                            "health_check.0.timeout": "5",
                            "health_check.0.unhealthy_threshold": "2",
                            "id": "saurabhlb",
                            "idle_timeout": "60",
                            "instances.#": "2",
                            "instances.1523250224": "i-0a2cad0ba7889cc38",
                            "instances.1705034311": "i-0edf9fd08a7ad3ce5",
                            "internal": "false",
                            "listener.#": "1",
                            "listener.3057123346.instance_port": "80",
                            "listener.3057123346.instance_protocol": "http",
                            "listener.3057123346.lb_port": "80",
                            "listener.3057123346.lb_protocol": "http",
                            "listener.3057123346.ssl_certificate_id": "",
                            "name": "saurabhlb",
                            "security_groups.#": "1",
                            "security_groups.623799928": "sg-0bcf6e1e5bbd319d1",
                            "source_security_group": "790367767693/saurabhsg",
                            "source_security_group_id": "sg-0bcf6e1e5bbd319d1",
                            "subnets.#": "2",
                            "subnets.2682779870": "subnet-073ccd4e61082ca13",
                            "subnets.275622381": "subnet-00ce9bcc2d5cdd3ec",
                            "tags.%": "0",
                            "zone_id": "Z35SXDOTRQ7X7K"
                        },
                        "meta": {},
                        "tainted": false
                    },
                    "deposed": [],
                    "provider": "provider.aws"
                },
                "aws_instance.saurabhwebserver": {
                    "type": "aws_instance",
                    "depends_on": [
                        "aws_security_group.saurabhwebserver",
                        "aws_subnet.saurabhpublicsubnet.*"
                    ],
                    "primary": {
                        "id": "i-0edf9fd08a7ad3ce5",
                        "attributes": {
                            "ami": "ami-0080e4c5bc078760e",
                            "arn": "arn:aws:ec2:us-east-1:790367767693:instance/i-0edf9fd08a7ad3ce5",
                            "associate_public_ip_address": "true",
                            "availability_zone": "us-east-1a",
                            "cpu_core_count": "1",
                            "cpu_threads_per_core": "1",
                            "credit_specification.#": "1",
                            "credit_specification.0.cpu_credits": "standard",
                            "disable_api_termination": "false",
                            "ebs_block_device.#": "0",
                            "ebs_optimized": "false",
                            "ephemeral_block_device.#": "0",
                            "get_password_data": "false",
                            "iam_instance_profile": "",
                            "id": "i-0edf9fd08a7ad3ce5",
                            "instance_state": "running",
                            "instance_type": "t2.micro",
                            "ipv6_address_count": "0",
                            "ipv6_addresses.#": "0",
                            "key_name": "",
                            "monitoring": "false",
                            "network_interface.#": "0",
                            "password_data": "",
                            "placement_group": "",
                            "primary_network_interface_id": "eni-08f62bf5eaef4489c",
                            "private_dns": "ip-10-0-1-77.ec2.internal",
                            "private_ip": "10.0.1.77",
                            "public_dns": "ec2-52-73-128-235.compute-1.amazonaws.com",
                            "public_ip": "52.73.128.235",
                            "root_block_device.#": "1",
                            "root_block_device.0.delete_on_termination": "true",
                            "root_block_device.0.iops": "100",
                            "root_block_device.0.volume_id": "vol-08adf197e55ee3881",
                            "root_block_device.0.volume_size": "8",
                            "root_block_device.0.volume_type": "gp2",
                            "security_groups.#": "0",
                            "source_dest_check": "true",
                            "subnet_id": "subnet-00ce9bcc2d5cdd3ec",
                            "tags.%": "1",
                            "tags.Name": "saurabhwebserver",
                            "tenancy": "default",
                            "user_data": "0db0938c6e015ea34f5b67f4b67950c30263db65",
                            "volume_tags.%": "0",
                            "vpc_security_group_ids.#": "1",
                            "vpc_security_group_ids.3268828263": "sg-025ef8a491eb9ac49"
                        },
                        "meta": {
                            "e2bfb730-ecaa-11e6-8f88-34363bc7c4c0": {
                                "create": 600000000000,
                                "delete": 1200000000000,
                                "update": 600000000000
                            },
                            "schema_version": "1"
                        },
                        "tainted": false
                    },
                    "deposed": [],
                    "provider": "provider.aws"
                },
                "aws_instance.saurabhwebserver2": {
                    "type": "aws_instance",
                    "depends_on": [
                        "aws_security_group.saurabhwebserver",
                        "aws_subnet.saurabhpublicsubnet.*"
                    ],
                    "primary": {
                        "id": "i-0a2cad0ba7889cc38",
                        "attributes": {
                            "ami": "ami-0080e4c5bc078760e",
                            "arn": "arn:aws:ec2:us-east-1:790367767693:instance/i-0a2cad0ba7889cc38",
                            "associate_public_ip_address": "true",
                            "availability_zone": "us-east-1b",
                            "cpu_core_count": "1",
                            "cpu_threads_per_core": "1",
                            "credit_specification.#": "1",
                            "credit_specification.0.cpu_credits": "standard",
                            "disable_api_termination": "false",
                            "ebs_block_device.#": "0",
                            "ebs_optimized": "false",
                            "ephemeral_block_device.#": "0",
                            "get_password_data": "false",
                            "iam_instance_profile": "",
                            "id": "i-0a2cad0ba7889cc38",
                            "instance_state": "running",
                            "instance_type": "t2.micro",
                            "ipv6_address_count": "0",
                            "ipv6_addresses.#": "0",
                            "key_name": "",
                            "monitoring": "false",
                            "network_interface.#": "0",
                            "password_data": "",
                            "placement_group": "",
                            "primary_network_interface_id": "eni-0af9649aa10beb583",
                            "private_dns": "ip-10-0-2-234.ec2.internal",
                            "private_ip": "10.0.2.234",
                            "public_dns": "ec2-3-87-255-132.compute-1.amazonaws.com",
                            "public_ip": "3.87.255.132",
                            "root_block_device.#": "1",
                            "root_block_device.0.delete_on_termination": "true",
                            "root_block_device.0.iops": "100",
                            "root_block_device.0.volume_id": "vol-09a98852c0f34b605",
                            "root_block_device.0.volume_size": "8",
                            "root_block_device.0.volume_type": "gp2",
                            "security_groups.#": "0",
                            "source_dest_check": "true",
                            "subnet_id": "subnet-073ccd4e61082ca13",
                            "tags.%": "1",
                            "tags.Name": "saurabhwebserver2",
                            "tenancy": "default",
                            "user_data": "0db0938c6e015ea34f5b67f4b67950c30263db65",
                            "volume_tags.%": "0",
                            "vpc_security_group_ids.#": "1",
                            "vpc_security_group_ids.3268828263": "sg-025ef8a491eb9ac49"
                        },
                        "meta": {
                            "e2bfb730-ecaa-11e6-8f88-34363bc7c4c0": {
                                "create": 600000000000,
                                "delete": 1200000000000,
                                "update": 600000000000
                            },
                            "schema_version": "1"
                        },
                        "tainted": false
                    },
                    "deposed": [],
                    "provider": "provider.aws"
                },
                "aws_internet_gateway.saurabhigw": {
                    "type": "aws_internet_gateway",
                    "depends_on": [
                        "aws_vpc.saurabhvpc"
                    ],
                    "primary": {
                        "id": "igw-0a9cbc634beff5765",
                        "attributes": {
                            "id": "igw-0a9cbc634beff5765",
                            "owner_id": "790367767693",
                            "tags.%": "1",
                            "tags.Name": "saurabhIGW",
                            "vpc_id": "vpc-029993b8b026e62c4"
                        },
                        "meta": {},
                        "tainted": false
                    },
                    "deposed": [],
                    "provider": "provider.aws"
                },
                "aws_route_table.saurabhpublicroutetable": {
                    "type": "aws_route_table",
                    "depends_on": [
                        "aws_internet_gateway.saurabhigw",
                        "aws_vpc.saurabhvpc"
                    ],
                    "primary": {
                        "id": "rtb-09dcbe7d5971e07d0",
                        "attributes": {
                            "id": "rtb-09dcbe7d5971e07d0",
                            "owner_id": "790367767693",
                            "propagating_vgws.#": "0",
                            "route.#": "1",
                            "route.4055893179.cidr_block": "0.0.0.0/0",
                            "route.4055893179.egress_only_gateway_id": "",
                            "route.4055893179.gateway_id": "igw-0a9cbc634beff5765",
                            "route.4055893179.instance_id": "",
                            "route.4055893179.ipv6_cidr_block": "",
                            "route.4055893179.nat_gateway_id": "",
                            "route.4055893179.network_interface_id": "",
                            "route.4055893179.transit_gateway_id": "",
                            "route.4055893179.vpc_peering_connection_id": "",
                            "tags.%": "1",
                            "tags.Name": "saurabhroutetable",
                            "vpc_id": "vpc-029993b8b026e62c4"
                        },
                        "meta": {},
                        "tainted": false
                    },
                    "deposed": [],
                    "provider": "provider.aws"
                },
                "aws_route_table.saurabhroutetable": {
                    "type": "aws_route_table",
                    "depends_on": [
                        "aws_vpc.saurabhvpc"
                    ],
                    "primary": {
                        "id": "rtb-0a67b51a6be0261ac",
                        "attributes": {
                            "id": "rtb-0a67b51a6be0261ac",
                            "owner_id": "790367767693",
                            "propagating_vgws.#": "0",
                            "route.#": "0",
                            "tags.%": "1",
                            "tags.Name": "saurabhroutetable",
                            "vpc_id": "vpc-029993b8b026e62c4"
                        },
                        "meta": {},
                        "tainted": false
                    },
                    "deposed": [],
                    "provider": "provider.aws"
                },
                "aws_route_table_association.saurabhpublicroutetableassociation.0": {
                    "type": "aws_route_table_association",
                    "depends_on": [
                        "aws_route_table.saurabhpublicroutetable",
                        "aws_subnet.saurabhpublicsubnet.*"
                    ],
                    "primary": {
                        "id": "rtbassoc-0e397518753d30255",
                        "attributes": {
                            "id": "rtbassoc-0e397518753d30255",
                            "route_table_id": "rtb-09dcbe7d5971e07d0",
                            "subnet_id": "subnet-00ce9bcc2d5cdd3ec"
                        },
                        "meta": {},
                        "tainted": false
                    },
                    "deposed": [],
                    "provider": "provider.aws"
                },
                "aws_route_table_association.saurabhpublicroutetableassociation.1": {
                    "type": "aws_route_table_association",
                    "depends_on": [
                        "aws_route_table.saurabhpublicroutetable",
                        "aws_subnet.saurabhpublicsubnet.*"
                    ],
                    "primary": {
                        "id": "rtbassoc-092c0ce0ea829d79a",
                        "attributes": {
                            "id": "rtbassoc-092c0ce0ea829d79a",
                            "route_table_id": "rtb-09dcbe7d5971e07d0",
                            "subnet_id": "subnet-073ccd4e61082ca13"
                        },
                        "meta": {},
                        "tainted": false
                    },
                    "deposed": [],
                    "provider": "provider.aws"
                },
                "aws_route_table_association.saurabhroutetableassociation.0": {
                    "type": "aws_route_table_association",
                    "depends_on": [
                        "aws_route_table.saurabhroutetable",
                        "aws_subnet.saurabhprivatesubnet.*"
                    ],
                    "primary": {
                        "id": "rtbassoc-0dadc92a0398e5ad4",
                        "attributes": {
                            "id": "rtbassoc-0dadc92a0398e5ad4",
                            "route_table_id": "rtb-0a67b51a6be0261ac",
                            "subnet_id": "subnet-0a97f70e6bf1e50c8"
                        },
                        "meta": {},
                        "tainted": false
                    },
                    "deposed": [],
                    "provider": "provider.aws"
                },
                "aws_route_table_association.saurabhroutetableassociation.1": {
                    "type": "aws_route_table_association",
                    "depends_on": [
                        "aws_route_table.saurabhroutetable",
                        "aws_subnet.saurabhprivatesubnet.*"
                    ],
                    "primary": {
                        "id": "rtbassoc-089fb9fbbfa67a5f8",
                        "attributes": {
                            "id": "rtbassoc-089fb9fbbfa67a5f8",
                            "route_table_id": "rtb-0a67b51a6be0261ac",
                            "subnet_id": "subnet-01fad73bfac8b9a7f"
                        },
                        "meta": {},
                        "tainted": false
                    },
                    "deposed": [],
                    "provider": "provider.aws"
                },
                "aws_security_group.saurabhlg": {
                    "type": "aws_security_group",
                    "depends_on": [
                        "aws_vpc.saurabhvpc"
                    ],
                    "primary": {
                        "id": "sg-0bcf6e1e5bbd319d1",
                        "attributes": {
                            "arn": "arn:aws:ec2:us-east-1:790367767693:security-group/sg-0bcf6e1e5bbd319d1",
                            "description": "Managed by Terraform",
                            "egress.#": "1",
                            "egress.482069346.cidr_blocks.#": "1",
                            "egress.482069346.cidr_blocks.0": "0.0.0.0/0",
                            "egress.482069346.description": "",
                            "egress.482069346.from_port": "0",
                            "egress.482069346.ipv6_cidr_blocks.#": "0",
                            "egress.482069346.prefix_list_ids.#": "0",
                            "egress.482069346.protocol": "-1",
                            "egress.482069346.security_groups.#": "0",
                            "egress.482069346.self": "false",
                            "egress.482069346.to_port": "0",
                            "id": "sg-0bcf6e1e5bbd319d1",
                            "ingress.#": "1",
                            "ingress.2214680975.cidr_blocks.#": "1",
                            "ingress.2214680975.cidr_blocks.0": "0.0.0.0/0",
                            "ingress.2214680975.description": "",
                            "ingress.2214680975.from_port": "80",
                            "ingress.2214680975.ipv6_cidr_blocks.#": "0",
                            "ingress.2214680975.prefix_list_ids.#": "0",
                            "ingress.2214680975.protocol": "tcp",
                            "ingress.2214680975.security_groups.#": "0",
                            "ingress.2214680975.self": "false",
                            "ingress.2214680975.to_port": "80",
                            "name": "saurabhsg",
                            "owner_id": "790367767693",
                            "revoke_rules_on_delete": "false",
                            "tags.%": "0",
                            "vpc_id": "vpc-029993b8b026e62c4"
                        },
                        "meta": {
                            "e2bfb730-ecaa-11e6-8f88-34363bc7c4c0": {
                                "create": 600000000000,
                                "delete": 600000000000
                            },
                            "schema_version": "1"
                        },
                        "tainted": false
                    },
                    "deposed": [],
                    "provider": "provider.aws"
                },
                "aws_security_group.saurabhwebserver": {
                    "type": "aws_security_group",
                    "depends_on": [
                        "aws_vpc.saurabhvpc"
                    ],
                    "primary": {
                        "id": "sg-025ef8a491eb9ac49",
                        "attributes": {
                            "arn": "arn:aws:ec2:us-east-1:790367767693:security-group/sg-025ef8a491eb9ac49",
                            "description": "Managed by Terraform",
                            "egress.#": "1",
                            "egress.482069346.cidr_blocks.#": "1",
                            "egress.482069346.cidr_blocks.0": "0.0.0.0/0",
                            "egress.482069346.description": "",
                            "egress.482069346.from_port": "0",
                            "egress.482069346.ipv6_cidr_blocks.#": "0",
                            "egress.482069346.prefix_list_ids.#": "0",
                            "egress.482069346.protocol": "-1",
                            "egress.482069346.security_groups.#": "0",
                            "egress.482069346.self": "false",
                            "egress.482069346.to_port": "0",
                            "id": "sg-025ef8a491eb9ac49",
                            "ingress.#": "2",
                            "ingress.2214680975.cidr_blocks.#": "1",
                            "ingress.2214680975.cidr_blocks.0": "0.0.0.0/0",
                            "ingress.2214680975.description": "",
                            "ingress.2214680975.from_port": "80",
                            "ingress.2214680975.ipv6_cidr_blocks.#": "0",
                            "ingress.2214680975.prefix_list_ids.#": "0",
                            "ingress.2214680975.protocol": "tcp",
                            "ingress.2214680975.security_groups.#": "0",
                            "ingress.2214680975.self": "false",
                            "ingress.2214680975.to_port": "80",
                            "ingress.2541437006.cidr_blocks.#": "1",
                            "ingress.2541437006.cidr_blocks.0": "0.0.0.0/0",
                            "ingress.2541437006.description": "",
                            "ingress.2541437006.from_port": "22",
                            "ingress.2541437006.ipv6_cidr_blocks.#": "0",
                            "ingress.2541437006.prefix_list_ids.#": "0",
                            "ingress.2541437006.protocol": "tcp",
                            "ingress.2541437006.security_groups.#": "0",
                            "ingress.2541437006.self": "false",
                            "ingress.2541437006.to_port": "22",
                            "name": "saurabhwebserver",
                            "owner_id": "790367767693",
                            "revoke_rules_on_delete": "false",
                            "tags.%": "0",
                            "vpc_id": "vpc-029993b8b026e62c4"
                        },
                        "meta": {
                            "e2bfb730-ecaa-11e6-8f88-34363bc7c4c0": {
                                "create": 600000000000,
                                "delete": 600000000000
                            },
                            "schema_version": "1"
                        },
                        "tainted": false
                    },
                    "deposed": [],
                    "provider": "provider.aws"
                },
                "aws_subnet.saurabhprivatesubnet.0": {
                    "type": "aws_subnet",
                    "depends_on": [
                        "aws_vpc.saurabhvpc"
                    ],
                    "primary": {
                        "id": "subnet-0a97f70e6bf1e50c8",
                        "attributes": {
                            "arn": "arn:aws:ec2:us-east-1:790367767693:subnet/subnet-0a97f70e6bf1e50c8",
                            "assign_ipv6_address_on_creation": "false",
                            "availability_zone": "us-east-1a",
                            "availability_zone_id": "use1-az1",
                            "cidr_block": "10.0.3.0/24",
                            "id": "subnet-0a97f70e6bf1e50c8",
                            "ipv6_cidr_block": "",
                            "ipv6_cidr_block_association_id": "",
                            "map_public_ip_on_launch": "true",
                            "owner_id": "790367767693",
                            "tags.%": "1",
                            "tags.Name": "saurabhprivatesubnet-1",
                            "vpc_id": "vpc-029993b8b026e62c4"
                        },
                        "meta": {
                            "e2bfb730-ecaa-11e6-8f88-34363bc7c4c0": {
                                "create": 600000000000,
                                "delete": 600000000000
                            },
                            "schema_version": "1"
                        },
                        "tainted": false
                    },
                    "deposed": [],
                    "provider": "provider.aws"
                },
                "aws_subnet.saurabhprivatesubnet.1": {
                    "type": "aws_subnet",
                    "depends_on": [
                        "aws_vpc.saurabhvpc"
                    ],
                    "primary": {
                        "id": "subnet-01fad73bfac8b9a7f",
                        "attributes": {
                            "arn": "arn:aws:ec2:us-east-1:790367767693:subnet/subnet-01fad73bfac8b9a7f",
                            "assign_ipv6_address_on_creation": "false",
                            "availability_zone": "us-east-1b",
                            "availability_zone_id": "use1-az2",
                            "cidr_block": "10.0.4.0/24",
                            "id": "subnet-01fad73bfac8b9a7f",
                            "ipv6_cidr_block": "",
                            "ipv6_cidr_block_association_id": "",
                            "map_public_ip_on_launch": "true",
                            "owner_id": "790367767693",
                            "tags.%": "1",
                            "tags.Name": "saurabhprivatesubnet-2",
                            "vpc_id": "vpc-029993b8b026e62c4"
                        },
                        "meta": {
                            "e2bfb730-ecaa-11e6-8f88-34363bc7c4c0": {
                                "create": 600000000000,
                                "delete": 600000000000
                            },
                            "schema_version": "1"
                        },
                        "tainted": false
                    },
                    "deposed": [],
                    "provider": "provider.aws"
                },
                "aws_subnet.saurabhpublicsubnet.0": {
                    "type": "aws_subnet",
                    "depends_on": [
                        "aws_vpc.saurabhvpc"
                    ],
                    "primary": {
                        "id": "subnet-00ce9bcc2d5cdd3ec",
                        "attributes": {
                            "arn": "arn:aws:ec2:us-east-1:790367767693:subnet/subnet-00ce9bcc2d5cdd3ec",
                            "assign_ipv6_address_on_creation": "false",
                            "availability_zone": "us-east-1a",
                            "availability_zone_id": "use1-az1",
                            "cidr_block": "10.0.1.0/24",
                            "id": "subnet-00ce9bcc2d5cdd3ec",
                            "ipv6_cidr_block": "",
                            "ipv6_cidr_block_association_id": "",
                            "map_public_ip_on_launch": "true",
                            "owner_id": "790367767693",
                            "tags.%": "1",
                            "tags.Name": "saurabhpublicsubnet-1",
                            "vpc_id": "vpc-029993b8b026e62c4"
                        },
                        "meta": {
                            "e2bfb730-ecaa-11e6-8f88-34363bc7c4c0": {
                                "create": 600000000000,
                                "delete": 600000000000
                            },
                            "schema_version": "1"
                        },
                        "tainted": false
                    },
                    "deposed": [],
                    "provider": "provider.aws"
                },
                "aws_subnet.saurabhpublicsubnet.1": {
                    "type": "aws_subnet",
                    "depends_on": [
                        "aws_vpc.saurabhvpc"
                    ],
                    "primary": {
                        "id": "subnet-073ccd4e61082ca13",
                        "attributes": {
                            "arn": "arn:aws:ec2:us-east-1:790367767693:subnet/subnet-073ccd4e61082ca13",
                            "assign_ipv6_address_on_creation": "false",
                            "availability_zone": "us-east-1b",
                            "availability_zone_id": "use1-az2",
                            "cidr_block": "10.0.2.0/24",
                            "id": "subnet-073ccd4e61082ca13",
                            "ipv6_cidr_block": "",
                            "ipv6_cidr_block_association_id": "",
                            "map_public_ip_on_launch": "true",
                            "owner_id": "790367767693",
                            "tags.%": "1",
                            "tags.Name": "saurabhpublicsubnet-2",
                            "vpc_id": "vpc-029993b8b026e62c4"
                        },
                        "meta": {
                            "e2bfb730-ecaa-11e6-8f88-34363bc7c4c0": {
                                "create": 600000000000,
                                "delete": 600000000000
                            },
                            "schema_version": "1"
                        },
                        "tainted": false
                    },
                    "deposed": [],
                    "provider": "provider.aws"
                },
                "aws_vpc.saurabhvpc": {
                    "type": "aws_vpc",
                    "depends_on": [],
                    "primary": {
                        "id": "vpc-029993b8b026e62c4",
                        "attributes": {
                            "arn": "arn:aws:ec2:us-east-1:790367767693:vpc/vpc-029993b8b026e62c4",
                            "assign_generated_ipv6_cidr_block": "false",
                            "cidr_block": "10.0.0.0/16",
                            "default_network_acl_id": "acl-052a483ae335a45f5",
                            "default_route_table_id": "rtb-0eda9b0f02793072b",
                            "default_security_group_id": "sg-0986f496ef7a6e3ce",
                            "dhcp_options_id": "dopt-0f3cba00a860d29be",
                            "enable_classiclink": "false",
                            "enable_classiclink_dns_support": "false",
                            "enable_dns_hostnames": "true",
                            "enable_dns_support": "true",
                            "id": "vpc-029993b8b026e62c4",
                            "instance_tenancy": "default",
                            "ipv6_association_id": "",
                            "ipv6_cidr_block": "",
                            "main_route_table_id": "rtb-0eda9b0f02793072b",
                            "owner_id": "790367767693",
                            "tags.%": "1",
                            "tags.Name": "saurabhvpc"
                        },
                        "meta": {
                            "schema_version": "1"
                        },
                        "tainted": false
                    },
                    "deposed": [],
                    "provider": "provider.aws"
                }
            },
            "depends_on": []
        }
    ]
}
